<?xml version="1.0" encoding="UTF-8"?>
<Scheme
   version = "1.3">
   <BuildAction>
      <BuildActionEntries>
         <BuildActionEntry
            buildForRunning = "YES">
            <BuildableReference
               BuildableIdentifier = "primary"
               BlueprintIdentifier = "E2C1D4CA26E8D41E00FFE115"
               BuildableName = "uikit_dynamic_cast.app"
               BlueprintName = "uikit_dynamic_cast"
               ReferencedContainer = "container:uikit_dynamic_cast.xcodeproj">
            </BuildableReference>
         </BuildActionEntry>
      </BuildActionEntries>
   </BuildAction>
   <LaunchAction
      useCustomWorkingDirectory = "NO"
      buildConfiguration = "Debug"
      allowLocationSimulation = "YES">
      <BuildableProductRunnable>
         <BuildableReference
            BuildableIdentifier = "primary"
            BlueprintIdentifier = "E2C1D4CA26E8D41E00FFE115"
            BuildableName = "uikit_dynamic_cast.app"
            BlueprintName = "uikit_dynamic_cast"
            ReferencedContainer = "container:uikit_dynamic_cast.xcodeproj">
         </BuildableReference>
      </BuildableProductRunnable>
   </LaunchAction>
</Scheme>
